
Microsoft Visual Studio Solution File, Format Version 12.00
# Visual Studio Version 16
VisualStudioVersion = 16.0.29519.87
MinimumVisualStudioVersion = 10.0.40219.1
Project("{FAE04EC0-301F-11D3-BF4B-00C04F79EFBC}") = "HT2", "HT2.csproj", "{B079831E-1E60-4B88-93C0-E4C524E4056E}"
EndProject
Global
	GlobalSection(SolutionConfigurationPlatforms) = preSolution
		Debug|Any CPU = Debug|Any CPU
		Release|Any CPU = Release|Any CPU
	EndGlobalSection
	GlobalSection(ProjectConfigurationPlatforms) = postSolution
		{B079831E-1E60-4B88-93C0-E4C524E4056E}.Debug|Any CPU.ActiveCfg = Debug|Any CPU
		{B079831E-1E60-4B88-93C0-E4C524E4056E}.Debug|Any CPU.Build.0 = Debug|Any CPU
		{B079831E-1E60-4B88-93C0-E4C524E4056E}.Release|Any CPU.ActiveCfg = Release|Any CPU
		{B079831E-1E60-4B88-93C0-E4C524E4056E}.Release|Any CPU.Build.0 = Release|Any CPU
	EndGlobalSection
	GlobalSection(SolutionProperties) = preSolution
		HideSolutionNode = FALSE
	EndGlobalSection
	GlobalSection(ExtensibilityGlobals) = postSolution
		SolutionGuid = {77BCC6B3-D68B-4768-A3BB-1C8839954D99}
	EndGlobalSection
EndGlobal
